{
  "nodes": {
    "agent-camp": {
      "inputs": {
        "basecamp": [
          "basecamp"
        ]
      },
      "locked": {
        "lastModified": 1791476313,
        "narHash": "sha256-glmYh+9Ic7MlPVpjVH/r1qPwVW4eD478r6+LqNsWSYw=",
        "owner": "ajchemist",
        "repo": "agent-camp",
        "rev": "05aa1cc308a1140fadd72bd2a682eab4f7cb4bdb",
        "type": "github"
      },
      "original": {
        "owner": "ajchemist",
        "repo": "agent-camp",
        "type": "github"
      }
    },
    "basecamp": {
      "inputs": {
        "home-manager": "home-manager",
        "nix-darwin": "nix-darwin",
        "nixpkgs": "nixpkgs"
      },
      "locked": {
        "lastModified": 1791465725,
        "narHash": "sha256-2eddB85oF3HVeKOh7/luMiR/YT7CVBebAaVO+vv0HsA=",
        "owner": "ajchemist",
        "repo": "nix-basecamp",
        "rev": "4ed48015afe3ded2a3964dfe0297a95a7dce12d2",
        "type": "github"
      },
      "original": {
        "owner": "ajchemist",
        "repo": "nix-basecamp",
        "type": "github"
      }
    },
    "home-manager": {
      "inputs": {
        "nixpkgs": [
          "basecamp",
          "nixpkgs"
        ]
      },
      "locked": {
        "lastModified": 1791306979,
        "narHash": "sha256-KuLePuhwJM9NLt/gTLHzXaOoSZKGoB3m7NfXjiQ98HY=",
        "ref": "master",
        "rev": "fae6e9e42c3b762ab47635cddcfaf6f52374a61b",
        "shallow": true,
        "type": "git",
        "url": "https://github.com/nix-community/home-manager.git"
      },
      "original": {
        "ref": "master",
        "shallow": true,
        "type": "git",
        "url": "https://github.com/nix-community/home-manager.git"
      }
    },
    "nix-darwin": {
      "inputs": {
        "nixpkgs": [
          "basecamp",
          "nixpkgs"
        ]
      },
      "locked": {
        "lastModified": 1786845137,
        "narHash": "sha256-oQFip+v0luP8NIxJzmiW4Wu8bILsbFWom5l0zonl8hQ=",
        "ref": "master",
        "rev": "4cff07de74b50e64bdd68cd4e722ab5b6b35ee48",
        "shallow": true,
        "type": "git",
        "url": "https://github.com/nix-darwin/nix-darwin.git"
      },
      "original": {
        "ref": "master",
        "shallow": true,
        "type": "git",
        "url": "https://github.com/nix-darwin/nix-darwin.git"
      }
    },
    "nixpkgs": {
      "locked": {
        "lastModified": 1791366222,
        "narHash": "sha256-o0N4g6uSOIppU7CGToNvGlMf5vC+B6O6ukFHKY/TKOY=",
        "owner": "NixOS",
        "repo": "nixpkgs",
        "rev": "39ad350a0602fa0a58a544344e3e9187526ea45c",
        "type": "github"
      },
      "original": {
        "owner": "NixOS",
        "ref": "nixpkgs-unstable",
        "repo": "nixpkgs",
        "type": "github"
      }
    },
    "root": {
      "inputs": {
        "agent-camp": "agent-camp",
        "basecamp": "basecamp"
      }
    }
  },
  "root": "root",
  "version": 7
}
